
Microsoft Visual Studio Solution File, Format Version 10.00
# Visual Studio 2008
Project("{8BC9CEB8-8B4A-11D0-8D11-00A0C91BC942}") = "cl2", "cl2.vcproj", "{5CCC0860-5F7B-3E5B-B50A-4E7F0221CE88}"
EndProject
Project("{8BC9CEB8-8B4A-11D0-8D11-00A0C91BC942}") = "eikju", "eikju\eikju.vcproj", "{0D04AE7B-F9CD-396B-B042-4DA771812E8A}"
	ProjectSection(ProjectDependencies) = postProject
		{5CCC0860-5F7B-3E5B-B50A-4E7F0221CE88} = {5CCC0860-5F7B-3E5B-B50A-4E7F0221CE88}
	EndProjectSection
EndProject
Project("{8BC9CEB8-8B4A-11D0-8D11-00A0C91BC942}") = "QSMTP", "QSMTP\QSMTP.vcproj", "{07CD2DC9-3839-3F8A-95A6-49C6E849242E}"
EndProject
Global
	GlobalSection(SolutionConfigurationPlatforms) = preSolution
		Debug|Win32 = Debug|Win32
		Release|Win32 = Release|Win32
	EndGlobalSection
	GlobalSection(ProjectConfigurationPlatforms) = postSolution
		{5CCC0860-5F7B-3E5B-B50A-4E7F0221CE88}.Debug|Win32.ActiveCfg = Debug|Win32
		{5CCC0860-5F7B-3E5B-B50A-4E7F0221CE88}.Debug|Win32.Build.0 = Debug|Win32
		{5CCC0860-5F7B-3E5B-B50A-4E7F0221CE88}.Release|Win32.ActiveCfg = Release|Win32
		{5CCC0860-5F7B-3E5B-B50A-4E7F0221CE88}.Release|Win32.Build.0 = Release|Win32
		{0D04AE7B-F9CD-396B-B042-4DA771812E8A}.Debug|Win32.ActiveCfg = Debug|Win32
		{0D04AE7B-F9CD-396B-B042-4DA771812E8A}.Debug|Win32.Build.0 = Debug|Win32
		{0D04AE7B-F9CD-396B-B042-4DA771812E8A}.Release|Win32.ActiveCfg = Release|Win32
		{0D04AE7B-F9CD-396B-B042-4DA771812E8A}.Release|Win32.Build.0 = Release|Win32
		{07CD2DC9-3839-3F8A-95A6-49C6E849242E}.Debug|Win32.ActiveCfg = Debug|Win32
		{07CD2DC9-3839-3F8A-95A6-49C6E849242E}.Debug|Win32.Build.0 = Debug|Win32
		{07CD2DC9-3839-3F8A-95A6-49C6E849242E}.Release|Win32.ActiveCfg = Release|Win32
		{07CD2DC9-3839-3F8A-95A6-49C6E849242E}.Release|Win32.Build.0 = Release|Win32
	EndGlobalSection
	GlobalSection(SolutionProperties) = preSolution
		HideSolutionNode = FALSE
	EndGlobalSection
EndGlobal
